
Microsoft Visual Studio Solution File, Format Version 12.00
# Visual Studio Version 17
VisualStudioVersion = 17.0.31903.59
MinimumVisualStudioVersion = 10.0.40219.1
Project("{FAE04EC0-301F-11D3-BF4B-00C04F79EFBC}") = "Budget.Application", "Budget.Application\Budget.Application.csproj", "{ACBB116A-4CD9-488C-A44B-9F9EF8C3AD38}"
EndProject
Project("{FAE04EC0-301F-11D3-BF4B-00C04F79EFBC}") = "Budget.Common", "Budget.Common\Budget.Common.csproj", "{7D7E0900-C966-4AF1-AA3E-92AA9AAEBCAC}"
EndProject
Project("{FAE04EC0-301F-11D3-BF4B-00C04F79EFBC}") = "Budget.Domain", "Budget.Domain\Budget.Domain.csproj", "{BF3DA17A-C429-487D-A4D2-9D1DE5E1F442}"
EndProject
Project("{FAE04EC0-301F-11D3-BF4B-00C04F79EFBC}") = "Budget.Infrastructure", "Budget.Infrastructure\Budget.Infrastructure.csproj", "{1AE2950E-4EEA-484D-ADAB-19CCF0878E51}"
EndProject
Project("{FAE04EC0-301F-11D3-BF4B-00C04F79EFBC}") = "Budget.Persistance", "Budget.Persistance\Budget.Persistance.csproj", "{51538295-28EB-43CE-BD58-6DDCDADFA83A}"
EndProject
Project("{FAE04EC0-301F-11D3-BF4B-00C04F79EFBC}") = "Budget.Api", "Budget.Api\Budget.Api.csproj", "{684F8B23-781F-4B7C-A410-938990C25312}"
EndProject
Project("{2150E333-8FDC-42A3-9474-1A3956D46DE8}") = "tests", "tests", "{C8D7DFB7-7CA3-4ACB-A381-46CF7CE1302A}"
EndProject
Project("{FAE04EC0-301F-11D3-BF4B-00C04F79EFBC}") = "Budget.Application.Tests", "tests\Budget.Application.Tests\Budget.Application.Tests.csproj", "{61DD18CB-6902-415C-91C2-4465D41979BF}"
EndProject
Project("{FAE04EC0-301F-11D3-BF4B-00C04F79EFBC}") = "Budget.Tests.Utils", "tests\Budget.Tests.Utils\Budget.Tests.Utils.csproj", "{09EBF968-BED9-4BC0-815E-DE8C1C8EB202}"
EndProject
Global
	GlobalSection(SolutionConfigurationPlatforms) = preSolution
		Debug|Any CPU = Debug|Any CPU
		Release|Any CPU = Release|Any CPU
	EndGlobalSection
	GlobalSection(SolutionProperties) = preSolution
		HideSolutionNode = FALSE
	EndGlobalSection
	GlobalSection(ProjectConfigurationPlatforms) = postSolution
		{ACBB116A-4CD9-488C-A44B-9F9EF8C3AD38}.Debug|Any CPU.ActiveCfg = Debug|Any CPU
		{ACBB116A-4CD9-488C-A44B-9F9EF8C3AD38}.Debug|Any CPU.Build.0 = Debug|Any CPU
		{ACBB116A-4CD9-488C-A44B-9F9EF8C3AD38}.Release|Any CPU.ActiveCfg = Release|Any CPU
		{ACBB116A-4CD9-488C-A44B-9F9EF8C3AD38}.Release|Any CPU.Build.0 = Release|Any CPU
		{7D7E0900-C966-4AF1-AA3E-92AA9AAEBCAC}.Debug|Any CPU.ActiveCfg = Debug|Any CPU
		{7D7E0900-C966-4AF1-AA3E-92AA9AAEBCAC}.Debug|Any CPU.Build.0 = Debug|Any CPU
		{7D7E0900-C966-4AF1-AA3E-92AA9AAEBCAC}.Release|Any CPU.ActiveCfg = Release|Any CPU
		{7D7E0900-C966-4AF1-AA3E-92AA9AAEBCAC}.Release|Any CPU.Build.0 = Release|Any CPU
		{BF3DA17A-C429-487D-A4D2-9D1DE5E1F442}.Debug|Any CPU.ActiveCfg = Debug|Any CPU
		{BF3DA17A-C429-487D-A4D2-9D1DE5E1F442}.Debug|Any CPU.Build.0 = Debug|Any CPU
		{BF3DA17A-C429-487D-A4D2-9D1DE5E1F442}.Release|Any CPU.ActiveCfg = Release|Any CPU
		{BF3DA17A-C429-487D-A4D2-9D1DE5E1F442}.Release|Any CPU.Build.0 = Release|Any CPU
		{1AE2950E-4EEA-484D-ADAB-19CCF0878E51}.Debug|Any CPU.ActiveCfg = Debug|Any CPU
		{1AE2950E-4EEA-484D-ADAB-19CCF0878E51}.Debug|Any CPU.Build.0 = Debug|Any CPU
		{1AE2950E-4EEA-484D-ADAB-19CCF0878E51}.Release|Any CPU.ActiveCfg = Release|Any CPU
		{1AE2950E-4EEA-484D-ADAB-19CCF0878E51}.Release|Any CPU.Build.0 = Release|Any CPU
		{51538295-28EB-43CE-BD58-6DDCDADFA83A}.Debug|Any CPU.ActiveCfg = Debug|Any CPU
		{51538295-28EB-43CE-BD58-6DDCDADFA83A}.Debug|Any CPU.Build.0 = Debug|Any CPU
		{51538295-28EB-43CE-BD58-6DDCDADFA83A}.Release|Any CPU.ActiveCfg = Release|Any CPU
		{51538295-28EB-43CE-BD58-6DDCDADFA83A}.Release|Any CPU.Build.0 = Release|Any CPU
		{684F8B23-781F-4B7C-A410-938990C25312}.Debug|Any CPU.ActiveCfg = Debug|Any CPU
		{684F8B23-781F-4B7C-A410-938990C25312}.Debug|Any CPU.Build.0 = Debug|Any CPU
		{684F8B23-781F-4B7C-A410-938990C25312}.Release|Any CPU.ActiveCfg = Release|Any CPU
		{684F8B23-781F-4B7C-A410-938990C25312}.Release|Any CPU.Build.0 = Release|Any CPU
		{61DD18CB-6902-415C-91C2-4465D41979BF}.Debug|Any CPU.ActiveCfg = Debug|Any CPU
		{61DD18CB-6902-415C-91C2-4465D41979BF}.Debug|Any CPU.Build.0 = Debug|Any CPU
		{61DD18CB-6902-415C-91C2-4465D41979BF}.Release|Any CPU.ActiveCfg = Release|Any CPU
		{61DD18CB-6902-415C-91C2-4465D41979BF}.Release|Any CPU.Build.0 = Release|Any CPU
		{09EBF968-BED9-4BC0-815E-DE8C1C8EB202}.Debug|Any CPU.ActiveCfg = Debug|Any CPU
		{09EBF968-BED9-4BC0-815E-DE8C1C8EB202}.Debug|Any CPU.Build.0 = Debug|Any CPU
		{09EBF968-BED9-4BC0-815E-DE8C1C8EB202}.Release|Any CPU.ActiveCfg = Release|Any CPU
		{09EBF968-BED9-4BC0-815E-DE8C1C8EB202}.Release|Any CPU.Build.0 = Release|Any CPU
		{29E41491-288C-4A5C-9A65-1B1C74860A0A}.Debug|Any CPU.ActiveCfg = Debug|Any CPU
		{29E41491-288C-4A5C-9A65-1B1C74860A0A}.Debug|Any CPU.Build.0 = Debug|Any CPU
		{29E41491-288C-4A5C-9A65-1B1C74860A0A}.Release|Any CPU.ActiveCfg = Release|Any CPU
		{29E41491-288C-4A5C-9A65-1B1C74860A0A}.Release|Any CPU.Build.0 = Release|Any CPU
	EndGlobalSection
	GlobalSection(NestedProjects) = preSolution
		{61DD18CB-6902-415C-91C2-4465D41979BF} = {C8D7DFB7-7CA3-4ACB-A381-46CF7CE1302A}
		{09EBF968-BED9-4BC0-815E-DE8C1C8EB202} = {C8D7DFB7-7CA3-4ACB-A381-46CF7CE1302A}
	EndGlobalSection
EndGlobal
