
Microsoft Visual Studio Solution File, Format Version 12.00
# Visual Studio Version 17
VisualStudioVersion = 17.0.32112.339
MinimumVisualStudioVersion = 10.0.40219.1
Project("{9A19103F-16F7-4668-BE54-9A1E7A4F7556}") = "Budget.Web", "Budget.Web\Budget.Web.csproj", "{5D5F5259-338E-42CC-9F34-A7E5D67579D7}"
EndProject
Project("{2150E333-8FDC-42A3-9474-1A3956D46DE8}") = "src", "src", "{CDE3EC69-539B-4216-888E-76A470732AB6}"
EndProject
Project("{9A19103F-16F7-4668-BE54-9A1E7A4F7556}") = "Budget.Core", "Budget.Core\Budget.Core.csproj", "{BD38A62D-7A6C-4685-B0F1-0BC06932FA07}"
EndProject
Project("{9A19103F-16F7-4668-BE54-9A1E7A4F7556}") = "Budget.Infrastructure", "Budget.Infrastructure\Budget.Infrastructure.csproj", "{0CC194F3-A14A-4EF6-ACCA-D545E33C4703}"
EndProject
Project("{9A19103F-16F7-4668-BE54-9A1E7A4F7556}") = "Budget.Persistance", "Budget.Persistance\Budget.Persistance.csproj", "{0D589ECA-6F29-4578-A5DB-FAA93BC37FB1}"
EndProject
Project("{2150E333-8FDC-42A3-9474-1A3956D46DE8}") = "Core", "Core", "{47FF34F4-8A28-4308-8BA4-683BDA9EC76A}"
EndProject
Project("{2150E333-8FDC-42A3-9474-1A3956D46DE8}") = "Infrastructure", "Infrastructure", "{65EF2355-FC26-4DFA-89B6-2620C8854BD5}"
EndProject
Project("{2150E333-8FDC-42A3-9474-1A3956D46DE8}") = "Presentation", "Presentation", "{699EBCE7-73CD-41FB-B8CB-A19A736240BB}"
EndProject
Project("{9A19103F-16F7-4668-BE54-9A1E7A4F7556}") = "Budget.Repositories", "Budget.Repositories\Budget.Repositories.csproj", "{9D3F1290-2B76-4242-AA03-018A533262B3}"
EndProject
Project("{9A19103F-16F7-4668-BE54-9A1E7A4F7556}") = "Budget.Common", "Budget.Common\Budget.Common.csproj", "{D7D322EE-4478-4761-AC0F-5650E394043D}"
EndProject
Project("{2150E333-8FDC-42A3-9474-1A3956D46DE8}") = "Solution Items", "Solution Items", "{5EC2C7BC-C0A7-48C6-A2B2-77E06EF1ABA3}"
	ProjectSection(SolutionItems) = preProject
		.editorconfig = .editorconfig
	EndProjectSection
EndProject
Project("{2150E333-8FDC-42A3-9474-1A3956D46DE8}") = "Tests", "Tests", "{55A1A856-A257-49FD-A0FA-5CD7CEF69D74}"
EndProject
Project("{9A19103F-16F7-4668-BE54-9A1E7A4F7556}") = "Budget.Infrastructure.Tests", "Budget.Infrastructure.Tests\Budget.Infrastructure.Tests.csproj", "{2B9E46C8-0679-4C67-A128-82D56142106B}"
EndProject
Project("{FAE04EC0-301F-11D3-BF4B-00C04F79EFBC}") = "Budget.Tests.Core", "Budget.Tests.Core\Budget.Tests.Core.csproj", "{F18EF13E-2E20-4ECC-83A8-8C9270A43CAD}"
EndProject
Global
	GlobalSection(SolutionConfigurationPlatforms) = preSolution
		Debug|Any CPU = Debug|Any CPU
		Release|Any CPU = Release|Any CPU
	EndGlobalSection
	GlobalSection(ProjectConfigurationPlatforms) = postSolution
		{5D5F5259-338E-42CC-9F34-A7E5D67579D7}.Debug|Any CPU.ActiveCfg = Debug|Any CPU
		{5D5F5259-338E-42CC-9F34-A7E5D67579D7}.Debug|Any CPU.Build.0 = Debug|Any CPU
		{5D5F5259-338E-42CC-9F34-A7E5D67579D7}.Release|Any CPU.ActiveCfg = Release|Any CPU
		{5D5F5259-338E-42CC-9F34-A7E5D67579D7}.Release|Any CPU.Build.0 = Release|Any CPU
		{BD38A62D-7A6C-4685-B0F1-0BC06932FA07}.Debug|Any CPU.ActiveCfg = Debug|Any CPU
		{BD38A62D-7A6C-4685-B0F1-0BC06932FA07}.Debug|Any CPU.Build.0 = Debug|Any CPU
		{BD38A62D-7A6C-4685-B0F1-0BC06932FA07}.Release|Any CPU.ActiveCfg = Release|Any CPU
		{BD38A62D-7A6C-4685-B0F1-0BC06932FA07}.Release|Any CPU.Build.0 = Release|Any CPU
		{0CC194F3-A14A-4EF6-ACCA-D545E33C4703}.Debug|Any CPU.ActiveCfg = Debug|Any CPU
		{0CC194F3-A14A-4EF6-ACCA-D545E33C4703}.Debug|Any CPU.Build.0 = Debug|Any CPU
		{0CC194F3-A14A-4EF6-ACCA-D545E33C4703}.Release|Any CPU.ActiveCfg = Release|Any CPU
		{0CC194F3-A14A-4EF6-ACCA-D545E33C4703}.Release|Any CPU.Build.0 = Release|Any CPU
		{0D589ECA-6F29-4578-A5DB-FAA93BC37FB1}.Debug|Any CPU.ActiveCfg = Debug|Any CPU
		{0D589ECA-6F29-4578-A5DB-FAA93BC37FB1}.Debug|Any CPU.Build.0 = Debug|Any CPU
		{0D589ECA-6F29-4578-A5DB-FAA93BC37FB1}.Release|Any CPU.ActiveCfg = Release|Any CPU
		{0D589ECA-6F29-4578-A5DB-FAA93BC37FB1}.Release|Any CPU.Build.0 = Release|Any CPU
		{9D3F1290-2B76-4242-AA03-018A533262B3}.Debug|Any CPU.ActiveCfg = Debug|Any CPU
		{9D3F1290-2B76-4242-AA03-018A533262B3}.Debug|Any CPU.Build.0 = Debug|Any CPU
		{9D3F1290-2B76-4242-AA03-018A533262B3}.Release|Any CPU.ActiveCfg = Release|Any CPU
		{9D3F1290-2B76-4242-AA03-018A533262B3}.Release|Any CPU.Build.0 = Release|Any CPU
		{D7D322EE-4478-4761-AC0F-5650E394043D}.Debug|Any CPU.ActiveCfg = Debug|Any CPU
		{D7D322EE-4478-4761-AC0F-5650E394043D}.Debug|Any CPU.Build.0 = Debug|Any CPU
		{D7D322EE-4478-4761-AC0F-5650E394043D}.Release|Any CPU.ActiveCfg = Release|Any CPU
		{D7D322EE-4478-4761-AC0F-5650E394043D}.Release|Any CPU.Build.0 = Release|Any CPU
		{2B9E46C8-0679-4C67-A128-82D56142106B}.Debug|Any CPU.ActiveCfg = Debug|Any CPU
		{2B9E46C8-0679-4C67-A128-82D56142106B}.Debug|Any CPU.Build.0 = Debug|Any CPU
		{2B9E46C8-0679-4C67-A128-82D56142106B}.Release|Any CPU.ActiveCfg = Release|Any CPU
		{2B9E46C8-0679-4C67-A128-82D56142106B}.Release|Any CPU.Build.0 = Release|Any CPU
		{F18EF13E-2E20-4ECC-83A8-8C9270A43CAD}.Debug|Any CPU.ActiveCfg = Debug|Any CPU
		{F18EF13E-2E20-4ECC-83A8-8C9270A43CAD}.Debug|Any CPU.Build.0 = Debug|Any CPU
		{F18EF13E-2E20-4ECC-83A8-8C9270A43CAD}.Release|Any CPU.ActiveCfg = Release|Any CPU
		{F18EF13E-2E20-4ECC-83A8-8C9270A43CAD}.Release|Any CPU.Build.0 = Release|Any CPU
	EndGlobalSection
	GlobalSection(SolutionProperties) = preSolution
		HideSolutionNode = FALSE
	EndGlobalSection
	GlobalSection(NestedProjects) = preSolution
		{5D5F5259-338E-42CC-9F34-A7E5D67579D7} = {699EBCE7-73CD-41FB-B8CB-A19A736240BB}
		{BD38A62D-7A6C-4685-B0F1-0BC06932FA07} = {47FF34F4-8A28-4308-8BA4-683BDA9EC76A}
		{0CC194F3-A14A-4EF6-ACCA-D545E33C4703} = {65EF2355-FC26-4DFA-89B6-2620C8854BD5}
		{0D589ECA-6F29-4578-A5DB-FAA93BC37FB1} = {65EF2355-FC26-4DFA-89B6-2620C8854BD5}
		{47FF34F4-8A28-4308-8BA4-683BDA9EC76A} = {CDE3EC69-539B-4216-888E-76A470732AB6}
		{65EF2355-FC26-4DFA-89B6-2620C8854BD5} = {CDE3EC69-539B-4216-888E-76A470732AB6}
		{699EBCE7-73CD-41FB-B8CB-A19A736240BB} = {CDE3EC69-539B-4216-888E-76A470732AB6}
		{9D3F1290-2B76-4242-AA03-018A533262B3} = {65EF2355-FC26-4DFA-89B6-2620C8854BD5}
		{D7D322EE-4478-4761-AC0F-5650E394043D} = {47FF34F4-8A28-4308-8BA4-683BDA9EC76A}
		{2B9E46C8-0679-4C67-A128-82D56142106B} = {55A1A856-A257-49FD-A0FA-5CD7CEF69D74}
		{F18EF13E-2E20-4ECC-83A8-8C9270A43CAD} = {55A1A856-A257-49FD-A0FA-5CD7CEF69D74}
	EndGlobalSection
	GlobalSection(ExtensibilityGlobals) = postSolution
		SolutionGuid = {752CFA98-5041-464B-B90C-912FF9874173}
	EndGlobalSection
EndGlobal
