
Microsoft Visual Studio Solution File, Format Version 12.00
# Visual Studio 15
VisualStudioVersion = 15.0.26730.16
MinimumVisualStudioVersion = 10.0.40219.1
Project("{9A19103F-16F7-4668-BE54-9A1E7A4F7556}") = "Budget.Web", "Budget.Web\Budget.Web.csproj", "{17E5FACA-607C-4F17-81D1-6E7E540059FF}"
EndProject
Project("{9A19103F-16F7-4668-BE54-9A1E7A4F7556}") = "Budget.Data", "Budget.Data\Budget.Data.csproj", "{04A5E723-C679-4719-A12F-77C6965AC914}"
EndProject
Project("{9A19103F-16F7-4668-BE54-9A1E7A4F7556}") = "Budget.Services", "Budget.Services\Budget.Services.csproj", "{1F268A19-CAE9-42F3-A99B-61B7BD9AE351}"
EndProject
Global
	GlobalSection(SolutionConfigurationPlatforms) = preSolution
		Debug|Any CPU = Debug|Any CPU
		Release|Any CPU = Release|Any CPU
	EndGlobalSection
	GlobalSection(ProjectConfigurationPlatforms) = postSolution
		{17E5FACA-607C-4F17-81D1-6E7E540059FF}.Debug|Any CPU.ActiveCfg = Debug|Any CPU
		{17E5FACA-607C-4F17-81D1-6E7E540059FF}.Debug|Any CPU.Build.0 = Debug|Any CPU
		{17E5FACA-607C-4F17-81D1-6E7E540059FF}.Release|Any CPU.ActiveCfg = Release|Any CPU
		{17E5FACA-607C-4F17-81D1-6E7E540059FF}.Release|Any CPU.Build.0 = Release|Any CPU
		{04A5E723-C679-4719-A12F-77C6965AC914}.Debug|Any CPU.ActiveCfg = Debug|Any CPU
		{04A5E723-C679-4719-A12F-77C6965AC914}.Debug|Any CPU.Build.0 = Debug|Any CPU
		{04A5E723-C679-4719-A12F-77C6965AC914}.Release|Any CPU.ActiveCfg = Release|Any CPU
		{04A5E723-C679-4719-A12F-77C6965AC914}.Release|Any CPU.Build.0 = Release|Any CPU
		{1F268A19-CAE9-42F3-A99B-61B7BD9AE351}.Debug|Any CPU.ActiveCfg = Debug|Any CPU
		{1F268A19-CAE9-42F3-A99B-61B7BD9AE351}.Debug|Any CPU.Build.0 = Debug|Any CPU
		{1F268A19-CAE9-42F3-A99B-61B7BD9AE351}.Release|Any CPU.ActiveCfg = Release|Any CPU
		{1F268A19-CAE9-42F3-A99B-61B7BD9AE351}.Release|Any CPU.Build.0 = Release|Any CPU
	EndGlobalSection
	GlobalSection(SolutionProperties) = preSolution
		HideSolutionNode = FALSE
	EndGlobalSection
	GlobalSection(ExtensibilityGlobals) = postSolution
		SolutionGuid = {54139387-E568-4EF9-B765-DCFD42D4FD28}
	EndGlobalSection
EndGlobal
